
Microsoft Visual Studio Solution File, Format Version 12.00
# Visual Studio 2012
Project("{FAE04EC0-301F-11D3-BF4B-00C04F79EFBC}") = "MvcAppBourbon", "MvcAppBourbon\MvcAppBourbon.csproj", "{30E767A3-ED24-4234-B344-77A5FCBA013C}"
EndProject
Global
	GlobalSection(SolutionConfigurationPlatforms) = preSolution
		Debug|Any CPU = Debug|Any CPU
		Release|Any CPU = Release|Any CPU
	EndGlobalSection
	GlobalSection(ProjectConfigurationPlatforms) = postSolution
		{30E767A3-ED24-4234-B344-77A5FCBA013C}.Debug|Any CPU.ActiveCfg = Debug|Any CPU
		{30E767A3-ED24-4234-B344-77A5FCBA013C}.Debug|Any CPU.Build.0 = Debug|Any CPU
		{30E767A3-ED24-4234-B344-77A5FCBA013C}.Release|Any CPU.ActiveCfg = Release|Any CPU
		{30E767A3-ED24-4234-B344-77A5FCBA013C}.Release|Any CPU.Build.0 = Release|Any CPU
	EndGlobalSection
	GlobalSection(SolutionProperties) = preSolution
		HideSolutionNode = FALSE
	EndGlobalSection
EndGlobal
